// !$*UTF8*$!
{
	archiveVersion = 1;
	classes = {
	};
	objectVersion = 50;
	objects = {

/* Begin PBXBuildFile section */
		5048BF2A26BF925600C24E74 /* AppDelegate.swift in Sources */ = {isa = PBXBuildFile; fileRef = 5048BF2926BF925600C24E74 /* AppDelegate.swift */; };
		5048BF2C26BF925600C24E74 /* SceneDelegate.swift in Sources */ = {isa = PBXBuildFile; fileRef = 5048BF2B26BF925600C24E74 /* SceneDelegate.swift */; };
		5048BF2E26BF925600C24E74 /* ViewController.swift in Sources */ = {isa = PBXBuildFile; fileRef = 5048BF2D26BF925600C24E74 /* ViewController.swift */; };
		5048BF3326BF925800C24E74 /* Assets.xcassets in Resources */ = {isa = PBXBuildFile; fileRef = 5048BF3226BF925800C24E74 /* Assets.xcassets */; };
		5048BF3626BF925800C24E74 /* LaunchScreen.storyboard in Resources */ = {isa = PBXBuildFile; fileRef = 5048BF3426BF925800C24E74 /* LaunchScreen.storyboard */; };
		5048BF3E26BF944C00C24E74 /* DetailViewController.swift in Sources */ = {isa = PBXBuildFile; fileRef = 5048BF3D26BF944C00C24E74 /* DetailViewController.swift */; };
		5048BF4326BF949800C24E74 /* nssl0041.jpeg in Resources */ = {isa = PBXBuildFile; fileRef = 5048BF4026BF949800C24E74 /* nssl0041.jpeg */; };
		5048BF4426BF949800C24E74 /* nssl0034.jpeg in Resources */ = {isa = PBXBuildFile; fileRef = 5048BF4126BF949800C24E74 /* nssl0034.jpeg */; };
		5048BF4526BF949800C24E74 /* nssl0033.jpeg in Resources */ = {isa = PBXBuildFile; fileRef = 5048BF4226BF949800C24E74 /* nssl0033.jpeg */; };
		5048BF4726BF952600C24E74 /* Main.storyboard in Resources */ = {isa = PBXBuildFile; fileRef = 5048BF4626BF952600C24E74 /* Main.storyboard */; };
/* End PBXBuildFile section */

/* Begin PBXFileReference section */
		5048BF2626BF925600C24E74 /* P3.app */ = {isa = PBXFileReference; explicitFileType = wrapper.application; includeInIndex = 0; path = P3.app; sourceTree = BUILT_PRODUCTS_DIR; };
		5048BF2926BF925600C24E74 /* AppDelegate.swift */ = {isa = PBXFileReference; lastKnownFileType = sourcecode.swift; path = AppDelegate.swift; sourceTree = "<group>"; };
		5048BF2B26BF925600C24E74 /* SceneDelegate.swift */ = {isa = PBXFileReference; lastKnownFileType = sourcecode.swift; path = SceneDelegate.swift; sourceTree = "<group>"; };
		5048BF2D26BF925600C24E74 /* ViewController.swift */ = {isa = PBXFileReference; lastKnownFileType = sourcecode.swift; path = ViewController.swift; sourceTree = "<group>"; };
		5048BF3226BF925800C24E74 /* Assets.xcassets */ = {isa = PBXFileReference; lastKnownFileType = folder.assetcatalog; path = Assets.xcassets; sourceTree = "<group>"; };
		5048BF3526BF925800C24E74 /* Base */ = {isa = PBXFileReference; lastKnownFileType = file.storyboard; name = Base; path = Base.lproj/LaunchScreen.storyboard; sourceTree = "<group>"; };
		5048BF3726BF925800C24E74 /* Info.plist */ = {isa = PBXFileReference; lastKnownFileType = text.plist.xml; path = Info.plist; sourceTree = "<group>"; };
		5048BF3D26BF944C00C24E74 /* DetailViewController.swift */ = {isa = PBXFileReference; lastKnownFileType = sourcecode.swift; path = DetailViewController.swift; sourceTree = "<group>"; };
		5048BF4026BF949800C24E74 /* nssl0041.jpeg */ = {isa = PBXFileReference; lastKnownFileType = image.jpeg; path = nssl0041.jpeg; sourceTree = "<group>"; };
		5048BF4126BF949800C24E74 /* nssl0034.jpeg */ = {isa = PBXFileReference; lastKnownFileType = image.jpeg; path = nssl0034.jpeg; sourceTree = "<group>"; };
		5048BF4226BF949800C24E74 /* nssl0033.jpeg */ = {isa = PBXFileReference; lastKnownFileType = image.jpeg; path = nssl0033.jpeg; sourceTree = "<group>"; };
		5048BF4626BF952600C24E74 /* Main.storyboard */ = {isa = PBXFileReference; fileEncoding = 4; lastKnownFileType = file.storyboard; path = Main.storyboard; sourceTree = "<group>"; };
/* End PBXFileReference section */

/* Begin PBXFrameworksBuildPhase section */
		5048BF2326BF925600C24E74 /* Frameworks */ = {
			isa = PBXFrameworksBuildPhase;
			buildActionMask = 2147483647;
			files = (
			);
			runOnlyForDeploymentPostprocessing = 0;
		};
/* End PBXFrameworksBuildPhase section */

/* Begin PBXGroup section */
		5048BF1D26BF925600C24E74 = {
			isa = PBXGroup;
			children = (
				5048BF2826BF925600C24E74 /* P3 */,
				5048BF2726BF925600C24E74 /* Products */,
			);
			sourceTree = "<group>";
		};
		5048BF2726BF925600C24E74 /* Products */ = {
			isa = PBXGroup;
			children = (
				5048BF2626BF925600C24E74 /* P3.app */,
			);
			name = Products;
			sourceTree = "<group>";
		};
		5048BF2826BF925600C24E74 /* P3 */ = {
			isa = PBXGroup;
			children = (
				5048BF2926BF925600C24E74 /* AppDelegate.swift */,
				5048BF2B26BF925600C24E74 /* SceneDelegate.swift */,
				5048BF2D26BF925600C24E74 /* ViewController.swift */,
				5048BF3226BF925800C24E74 /* Assets.xcassets */,
				5048BF3426BF925800C24E74 /* LaunchScreen.storyboard */,
				5048BF3726BF925800C24E74 /* Info.plist */,
				5048BF4626BF952600C24E74 /* Main.storyboard */,
				5048BF3D26BF944C00C24E74 /* DetailViewController.swift */,
				5048BF3F26BF949800C24E74 /* Content */,
			);
			path = P3;
			sourceTree = "<group>";
		};
		5048BF3F26BF949800C24E74 /* Content */ = {
			isa = PBXGroup;
			children = (
				5048BF4026BF949800C24E74 /* nssl0041.jpeg */,
				5048BF4126BF949800C24E74 /* nssl0034.jpeg */,
				5048BF4226BF949800C24E74 /* nssl0033.jpeg */,
			);
			path = Content;
			sourceTree = "<group>";
		};
/* End PBXGroup section */

/* Begin PBXNativeTarget section */
		5048BF2526BF925600C24E74 /* P3 */ = {
			isa = PBXNativeTarget;
			buildConfigurationList = 5048BF3A26BF925800C24E74 /* Build configuration list for PBXNativeTarget "P3" */;
			buildPhases = (
				5048BF2226BF925600C24E74 /* Sources */,
				5048BF2326BF925600C24E74 /* Frameworks */,
				5048BF2426BF925600C24E74 /* Resources */,
			);
			buildRules = (
			);
			dependencies = (
			);
			name = P3;
			productName = P3;
			productReference = 5048BF2626BF925600C24E74 /* P3.app */;
			productType = "com.apple.product-type.application";
		};
/* End PBXNativeTarget section */

/* Begin PBXProject section */
		5048BF1E26BF925600C24E74 /* Project object */ = {
			isa = PBXProject;
			attributes = {
				LastSwiftUpdateCheck = 1250;
				LastUpgradeCheck = 1250;
				TargetAttributes = {
					5048BF2526BF925600C24E74 = {
						CreatedOnToolsVersion = 12.5.1;
					};
				};
			};
			buildConfigurationList = 5048BF2126BF925600C24E74 /* Build configuration list for PBXProject "P3" */;
			compatibilityVersion = "Xcode 9.3";
			developmentRegion = en;
			hasScannedForEncodings = 0;
			knownRegions = (
				en,
				Base,
			);
			mainGroup = 5048BF1D26BF925600C24E74;
			productRefGroup = 5048BF2726BF925600C24E74 /* Products */;
			projectDirPath = "";
			projectRoot = "";
			targets = (
				5048BF2526BF925600C24E74 /* P3 */,
			);
		};
/* End PBXProject section */

/* Begin PBXResourcesBuildPhase section */
		5048BF2426BF925600C24E74 /* Resources */ = {
			isa = PBXResourcesBuildPhase;
			buildActionMask = 2147483647;
			files = (
				5048BF4726BF952600C24E74 /* Main.storyboard in Resources */,
				5048BF3626BF925800C24E74 /* LaunchScreen.storyboard in Resources */,
				5048BF4426BF949800C24E74 /* nssl0034.jpeg in Resources */,
				5048BF3326BF925800C24E74 /* Assets.xcassets in Resources */,
				5048BF4326BF949800C24E74 /* nssl0041.jpeg in Resources */,
				5048BF4526BF949800C24E74 /* nssl0033.jpeg in Resources */,
			);
			runOnlyForDeploymentPostprocessing = 0;
		};
/* End PBXResourcesBuildPhase section */

/* Begin PBXSourcesBuildPhase section */
		5048BF2226BF925600C24E74 /* Sources */ = {
			isa = PBXSourcesBuildPhase;
			buildActionMask = 2147483647;
			files = (
				5048BF2E26BF925600C24E74 /* ViewController.swift in Sources */,
				5048BF2A26BF925600C24E74 /* AppDelegate.swift in Sources */,
				5048BF2C26BF925600C24E74 /* SceneDelegate.swift in Sources */,
				5048BF3E26BF944C00C24E74 /* DetailViewController.swift in Sources */,
			);
			runOnlyForDeploymentPostprocessing = 0;
		};
/* End PBXSourcesBuildPhase section */

/* Begin PBXVariantGroup section */
		5048BF3426BF925800C24E74 /* LaunchScreen.storyboard */ = {
			isa = PBXVariantGroup;
			children = (
				5048BF3526BF925800C24E74 /* Base */,
			);
			name = LaunchScreen.storyboard;
			sourceTree = "<group>";
		};
/* End PBXVariantGroup section */

/* Begin XCBuildConfiguration section */
		5048BF3826BF925800C24E74 /* Debug */ = {
			isa = XCBuildConfiguration;
			buildSettings = {
				ALWAYS_SEARCH_USER_PATHS = NO;
				CLANG_ANALYZER_NONNULL = YES;
				CLANG_ANALYZER_NUMBER_OBJECT_CONVERSION = YES_AGGRESSIVE;
				CLANG_CXX_LANGUAGE_STANDARD = "gnu++14";
				CLANG_CXX_LIBRARY = "libc++";
				CLANG_ENABLE_MODULES = YES;
				CLANG_ENABLE_OBJC_ARC = YES;
				CLANG_ENABLE_OBJC_WEAK = YES;
				CLANG_WARN_BLOCK_CAPTURE_AUTORELEASING = YES;
				CLANG_WARN_BOOL_CONVERSION = YES;
				CLANG_WARN_COMMA = YES;
				CLANG_WARN_CONSTANT_CONVERSION = YES;
				CLANG_WARN_DEPRECATED_OBJC_IMPLEMENTATIONS = YES;
				CLANG_WARN_DIRECT_OBJC_ISA_USAGE = YES_ERROR;
				CLANG_WARN_DOCUMENTATION_COMMENTS = YES;
				CLANG_WARN_EMPTY_BODY = YES;
				CLANG_WARN_ENUM_CONVERSION = YES;
				CLANG_WARN_INFINITE_RECURSION = YES;
				CLANG_WARN_INT_CONVERSION = YES;
				CLANG_WARN_NON_LITERAL_NULL_CONVERSION = YES;
				CLANG_WARN_OBJC_IMPLICIT_RETAIN_SELF = YES;
				CLANG_WARN_OBJC_LITERAL_CONVERSION = YES;
				CLANG_WARN_OBJC_ROOT_CLASS = YES_ERROR;
				CLANG_WARN_QUOTED_INCLUDE_IN_FRAMEWORK_HEADER = YES;
				CLANG_WARN_RANGE_LOOP_ANALYSIS = YES;
				CLANG_WARN_STRICT_PROTOTYPES = YES;
				CLANG_WARN_SUSPICIOUS_MOVE = YES;
				CLANG_WARN_UNGUARDED_AVAILABILITY = YES_AGGRESSIVE;
				CLANG_WARN_UNREACHABLE_CODE = YES;
				CLANG_WARN__DUPLICATE_METHOD_MATCH = YES;
				COPY_PHASE_STRIP = NO;
				DEBUG_INFORMATION_FORMAT = dwarf;
				ENABLE_STRICT_OBJC_MSGSEND = YES;
				ENABLE_TESTABILITY = YES;
				GCC_C_LANGUAGE_STANDARD = gnu11;
				GCC_DYNAMIC_NO_PIC = NO;
				GCC_NO_COMMON_BLOCKS = YES;
				GCC_OPTIMIZATION_LEVEL = 0;
				GCC_PREPROCESSOR_DEFINITIONS = (
					"DEBUG=1",
					"$(inherited)",
				);
				GCC_WARN_64_TO_32_BIT_CONVERSION = YES;
				GCC_WARN_ABOUT_RETURN_TYPE = YES_ERROR;
				GCC_WARN_UNDECLARED_SELECTOR = YES;
				GCC_WARN_UNINITIALIZED_AUTOS = YES_AGGRESSIVE;
				GCC_WARN_UNUSED_FUNCTION = YES;
				GCC_WARN_UNUSED_VARIABLE = YES;
				IPHONEOS_DEPLOYMENT_TARGET = 14.5;
				MTL_ENABLE_DEBUG_INFO = INCLUDE_SOURCE;
				MTL_FAST_MATH = YES;
				ONLY_ACTIVE_ARCH = YES;
				SDKROOT = iphoneos;
				SWIFT_ACTIVE_COMPILATION_CONDITIONS = DEBUG;
				SWIFT_OPTIMIZATION_LEVEL = "-Onone";
			};
			name = Debug;
		};
		5048BF3926BF925800C24E74 /* Release */ = {
			isa = XCBuildConfiguration;
			buildSettings = {
				ALWAYS_SEARCH_USER_PATHS = NO;
				CLANG_ANALYZER_NONNULL = YES;
				CLANG_ANALYZER_NUMBER_OBJECT_CONVERSION = YES_AGGRESSIVE;
				CLANG_CXX_LANGUAGE_STANDARD = "gnu++14";
				CLANG_CXX_LIBRARY = "libc++";
				CLANG_ENABLE_MODULES = YES;
				CLANG_ENABLE_OBJC_ARC = YES;
				CLANG_ENABLE_OBJC_WEAK = YES;
				CLANG_WARN_BLOCK_CAPTURE_AUTORELEASING = YES;
				CLANG_WARN_BOOL_CONVERSION = YES;
				CLANG_WARN_COMMA = YES;
				CLANG_WARN_CONSTANT_CONVERSION = YES;
				CLANG_WARN_DEPRECATED_OBJC_IMPLEMENTATIONS = YES;
				CLANG_WARN_DIRECT_OBJC_ISA_USAGE = YES_ERROR;
				CLANG_WARN_DOCUMENTATION_COMMENTS = YES;
				CLANG_WARN_EMPTY_BODY = YES;
				CLANG_WARN_ENUM_CONVERSION = YES;
				CLANG_WARN_INFINITE_RECURSION = YES;
				CLANG_WARN_INT_CONVERSION = YES;
				CLANG_WARN_NON_LITERAL_NULL_CONVERSION = YES;
				CLANG_WARN_OBJC_IMPLICIT_RETAIN_SELF = YES;
				CLANG_WARN_OBJC_LITERAL_CONVERSION = YES;
				CLANG_WARN_OBJC_ROOT_CLASS = YES_ERROR;
				CLANG_WARN_QUOTED_INCLUDE_IN_FRAMEWORK_HEADER = YES;
				CLANG_WARN_RANGE_LOOP_ANALYSIS = YES;
				CLANG_WARN_STRICT_PROTOTYPES = YES;
				CLANG_WARN_SUSPICIOUS_MOVE = YES;
				CLANG_WARN_UNGUARDED_AVAILABILITY = YES_AGGRESSIVE;
				CLANG_WARN_UNREACHABLE_CODE = YES;
				CLANG_WARN__DUPLICATE_METHOD_MATCH = YES;
				COPY_PHASE_STRIP = NO;
				DEBUG_INFORMATION_FORMAT = "dwarf-with-dsym";
				ENABLE_NS_ASSERTIONS = NO;
				ENABLE_STRICT_OBJC_MSGSEND = YES;
				GCC_C_LANGUAGE_STANDARD = gnu11;
				GCC_NO_COMMON_BLOCKS = YES;
				GCC_WARN_64_TO_32_BIT_CONVERSION = YES;
				GCC_WARN_ABOUT_RETURN_TYPE = YES_ERROR;
				GCC_WARN_UNDECLARED_SELECTOR = YES;
				GCC_WARN_UNINITIALIZED_AUTOS = YES_AGGRESSIVE;
				GCC_WARN_UNUSED_FUNCTION = YES;
				GCC_WARN_UNUSED_VARIABLE = YES;
				IPHONEOS_DEPLOYMENT_TARGET = 14.5;
				MTL_ENABLE_DEBUG_INFO = NO;
				MTL_FAST_MATH = YES;
				SDKROOT = iphoneos;
				SWIFT_COMPILATION_MODE = wholemodule;
				SWIFT_OPTIMIZATION_LEVEL = "-O";
				VALIDATE_PRODUCT = YES;
			};
			name = Release;
		};
		5048BF3B26BF925800C24E74 /* Debug */ = {
			isa = XCBuildConfiguration;
			buildSettings = {
				ASSETCATALOG_COMPILER_APPICON_NAME = AppIcon;
				ASSETCATALOG_COMPILER_GLOBAL_ACCENT_COLOR_NAME = AccentColor;
				CODE_SIGN_STYLE = Automatic;
				DEVELOPMENT_TEAM = 87S747W3ZP;
				INFOPLIST_FILE = P3/Info.plist;
				LD_RUNPATH_SEARCH_PATHS = (
					"$(inherited)",
					"@executable_path/Frameworks",
				);
				PRODUCT_BUNDLE_IDENTIFIER = com.alpaca.P3;
				PRODUCT_NAME = "$(TARGET_NAME)";
				SWIFT_VERSION = 5.0;
				TARGETED_DEVICE_FAMILY = 1;
			};
			name = Debug;
		};
		5048BF3C26BF925800C24E74 /* Release */ = {
			isa = XCBuildConfiguration;
			buildSettings = {
				ASSETCATALOG_COMPILER_APPICON_NAME = AppIcon;
				ASSETCATALOG_COMPILER_GLOBAL_ACCENT_COLOR_NAME = AccentColor;
				CODE_SIGN_STYLE = Automatic;
				DEVELOPMENT_TEAM = 87S747W3ZP;
				INFOPLIST_FILE = P3/Info.plist;
				LD_RUNPATH_SEARCH_PATHS = (
					"$(inherited)",
					"@executable_path/Frameworks",
				);
				PRODUCT_BUNDLE_IDENTIFIER = com.alpaca.P3;
				PRODUCT_NAME = "$(TARGET_NAME)";
				SWIFT_VERSION = 5.0;
				TARGETED_DEVICE_FAMILY = 1;
			};
			name = Release;
		};
/* End XCBuildConfiguration section */

/* Begin XCConfigurationList section */
		5048BF2126BF925600C24E74 /* Build configuration list for PBXProject "P3" */ = {
			isa = XCConfigurationList;
			buildConfigurations = (
				5048BF3826BF925800C24E74 /* Debug */,
				5048BF3926BF925800C24E74 /* Release */,
			);
			defaultConfigurationIsVisible = 0;
			defaultConfigurationName = Release;
		};
		5048BF3A26BF925800C24E74 /* Build configuration list for PBXNativeTarget "P3" */ = {
			isa = XCConfigurationList;
			buildConfigurations = (
				5048BF3B26BF925800C24E74 /* Debug */,
				5048BF3C26BF925800C24E74 /* Release */,
			);
			defaultConfigurationIsVisible = 0;
			defaultConfigurationName = Release;
		};
/* End XCConfigurationList section */
	};
	rootObject = 5048BF1E26BF925600C24E74 /* Project object */;
}
